
Microsoft Visual Studio Solution File, Format Version 12.00
# Visual Studio Version 16
VisualStudioVersion = 16.0.29418.71
MinimumVisualStudioVersion = 10.0.40219.1
Project("{9A19103F-16F7-4668-BE54-9A1E7A4F7556}") = "DebateApp.DataAccess", "DebateApp.Model\DebateApp.DataAccess.csproj", "{2A6B6A0B-7EDC-48AF-83E8-B06270011258}"
EndProject
Project("{9A19103F-16F7-4668-BE54-9A1E7A4F7556}") = "DebateApp.Service", "DebateApp.Service\DebateApp.Service.csproj", "{FADD3139-1714-454E-AB6C-0018A80DDEFA}"
EndProject
Project("{9A19103F-16F7-4668-BE54-9A1E7A4F7556}") = "DebateApp", "DebateApp\DebateApp.csproj", "{569B60B3-4D27-4464-B509-87E5A9064671}"
EndProject
Project("{9A19103F-16F7-4668-BE54-9A1E7A4F7556}") = "DebateApp.Mvc", "DebateApp.Mvc\DebateApp.Mvc.csproj", "{D91DCE30-6DA1-424C-B503-B4A829CF3DDC}"
EndProject
Project("{FAE04EC0-301F-11D3-BF4B-00C04F79EFBC}") = "DebateApp.MigrationTool", "MigrationTool\DebateApp.MigrationTool.csproj", "{DDFE5CCF-EACC-4F48-BAB3-E19BA9BF647B}"
EndProject
Global
	GlobalSection(SolutionConfigurationPlatforms) = preSolution
		Debug|Any CPU = Debug|Any CPU
		Release|Any CPU = Release|Any CPU
	EndGlobalSection
	GlobalSection(ProjectConfigurationPlatforms) = postSolution
		{2A6B6A0B-7EDC-48AF-83E8-B06270011258}.Debug|Any CPU.ActiveCfg = Debug|Any CPU
		{2A6B6A0B-7EDC-48AF-83E8-B06270011258}.Debug|Any CPU.Build.0 = Debug|Any CPU
		{2A6B6A0B-7EDC-48AF-83E8-B06270011258}.Release|Any CPU.ActiveCfg = Release|Any CPU
		{2A6B6A0B-7EDC-48AF-83E8-B06270011258}.Release|Any CPU.Build.0 = Release|Any CPU
		{FADD3139-1714-454E-AB6C-0018A80DDEFA}.Debug|Any CPU.ActiveCfg = Debug|Any CPU
		{FADD3139-1714-454E-AB6C-0018A80DDEFA}.Debug|Any CPU.Build.0 = Debug|Any CPU
		{FADD3139-1714-454E-AB6C-0018A80DDEFA}.Release|Any CPU.ActiveCfg = Release|Any CPU
		{FADD3139-1714-454E-AB6C-0018A80DDEFA}.Release|Any CPU.Build.0 = Release|Any CPU
		{569B60B3-4D27-4464-B509-87E5A9064671}.Debug|Any CPU.ActiveCfg = Debug|Any CPU
		{569B60B3-4D27-4464-B509-87E5A9064671}.Debug|Any CPU.Build.0 = Debug|Any CPU
		{569B60B3-4D27-4464-B509-87E5A9064671}.Release|Any CPU.ActiveCfg = Release|Any CPU
		{569B60B3-4D27-4464-B509-87E5A9064671}.Release|Any CPU.Build.0 = Release|Any CPU
		{D91DCE30-6DA1-424C-B503-B4A829CF3DDC}.Debug|Any CPU.ActiveCfg = Debug|Any CPU
		{D91DCE30-6DA1-424C-B503-B4A829CF3DDC}.Debug|Any CPU.Build.0 = Debug|Any CPU
		{D91DCE30-6DA1-424C-B503-B4A829CF3DDC}.Release|Any CPU.ActiveCfg = Release|Any CPU
		{D91DCE30-6DA1-424C-B503-B4A829CF3DDC}.Release|Any CPU.Build.0 = Release|Any CPU
		{DDFE5CCF-EACC-4F48-BAB3-E19BA9BF647B}.Debug|Any CPU.ActiveCfg = Debug|Any CPU
		{DDFE5CCF-EACC-4F48-BAB3-E19BA9BF647B}.Debug|Any CPU.Build.0 = Debug|Any CPU
		{DDFE5CCF-EACC-4F48-BAB3-E19BA9BF647B}.Release|Any CPU.ActiveCfg = Release|Any CPU
		{DDFE5CCF-EACC-4F48-BAB3-E19BA9BF647B}.Release|Any CPU.Build.0 = Release|Any CPU
	EndGlobalSection
	GlobalSection(SolutionProperties) = preSolution
		HideSolutionNode = FALSE
	EndGlobalSection
	GlobalSection(ExtensibilityGlobals) = postSolution
		SolutionGuid = {857FC8B1-CE0B-47B7-9669-F9B71AE715E0}
	EndGlobalSection
EndGlobal
